<?xml version="1.0" encoding="utf-8"?>
<Project ToolsVersion="4.0" xmlns="http://schemas.microsoft.com/developer/msbuild/2003">
  <ItemGroup>
    <Filter Include="源文件">
      <UniqueIdentifier>{4FC737F1-C7A5-4376-A066-2A32D752A2FF}</UniqueIdentifier>
      <Extensions>cpp;c;cc;cxx;def;odl;idl;hpj;bat;asm;asmx</Extensions>
    </Filter>
    <Filter Include="头文件">
      <UniqueIdentifier>{93995380-89BD-4b04-88EB-625FBE52EBFB}</UniqueIdentifier>
      <Extensions>h;hh;hpp;hxx;hm;inl;inc;xsd</Extensions>
    </Filter>
    <Filter Include="资源文件">
      <UniqueIdentifier>{67DA6AB6-F800-4c08-8B7A-83BB121AAD01}</UniqueIdentifier>
      <Extensions>rc;ico;cur;bmp;dlg;rc2;rct;bin;rgs;gif;jpg;jpeg;jpe;resx;tiff;tif;png;wav;mfcribbon-ms</Extensions>
    </Filter>
    <Filter Include="core">
      <UniqueIdentifier>{92b3e159-783b-483a-b297-2f4548167917}</UniqueIdentifier>
    </Filter>
    <Filter Include="core\Level0">
      <UniqueIdentifier>{81189bed-1c0e-4fe7-b14e-69ea3cc69c61}</UniqueIdentifier>
    </Filter>
    <Filter Include="core\Level1">
      <UniqueIdentifier>{344c35cd-c74c-4bb8-9064-35bd8dc3cc5c}</UniqueIdentifier>
    </Filter>
    <Filter Include="core\Level2">
      <UniqueIdentifier>{3c0a3755-4a78-42cf-b521-fa90c152f9d5}</UniqueIdentifier>
    </Filter>
  </ItemGroup>
  <ItemGroup>
    <ClCompile Include="flyspore.cpp">
      <Filter>源文件</Filter>
    </ClCompile>
    <ClCompile Include="..\core\Level1\Context.cpp">
      <Filter>core\Level1</Filter>
    </ClCompile>
    <ClCompile Include="..\core\Level1\DefaultSchema.cpp">
      <Filter>core\Level1</Filter>
    </ClCompile>
    <ClCompile Include="..\core\Level1\Path.cpp">
      <Filter>core\Level1</Filter>
    </ClCompile>
    <ClCompile Include="..\core\Level1\Pin.cpp">
      <Filter>core\Level1</Filter>
    </ClCompile>
    <ClCompile Include="..\core\Level1\Session.cpp">
      <Filter>core\Level1</Filter>
    </ClCompile>
    <ClCompile Include="..\core\Level1\Spore.cpp">
      <Filter>core\Level1</Filter>
    </ClCompile>
    <ClCompile Include="..\core\Level2\Maze.cpp">
      <Filter>core\Level2</Filter>
    </ClCompile>
    <ClCompile Include="..\core\Level1\DefaultNest.cpp">
      <Filter>core\Level1</Filter>
    </ClCompile>
  </ItemGroup>
  <ItemGroup>
    <ClInclude Include="Threads.h">
      <Filter>头文件</Filter>
    </ClInclude>
    <ClInclude Include="..\core\Level0\stealing_queue.h">
      <Filter>core\Level0</Filter>
    </ClInclude>
    <ClInclude Include="..\core\Level0\sync_deque.h">
      <Filter>core\Level0</Filter>
    </ClInclude>
    <ClInclude Include="..\core\Level0\task_pool.h">
      <Filter>core\Level0</Filter>
    </ClInclude>
    <ClInclude Include="..\core\Level1\AnyValues.h">
      <Filter>core\Level1</Filter>
    </ClInclude>
    <ClInclude Include="..\core\Level1\Context.h">
      <Filter>core\Level1</Filter>
    </ClInclude>
    <ClInclude Include="..\core\Level1\Data.h">
      <Filter>core\Level1</Filter>
    </ClInclude>
    <ClInclude Include="..\core\Level1\DataAdapter.h">
      <Filter>core\Level1</Filter>
    </ClInclude>
    <ClInclude Include="..\core\Level1\DataPack.h">
      <Filter>core\Level1</Filter>
    </ClInclude>
    <ClInclude Include="..\core\Level1\DefaultSchema.h">
      <Filter>core\Level1</Filter>
    </ClInclude>
    <ClInclude Include="..\core\Level1\Path.h">
      <Filter>core\Level1</Filter>
    </ClInclude>
    <ClInclude Include="..\core\Level1\Pin.h">
      <Filter>core\Level1</Filter>
    </ClInclude>
    <ClInclude Include="..\core\Level1\Schema.h">
      <Filter>core\Level1</Filter>
    </ClInclude>
    <ClInclude Include="..\core\Level1\Session.h">
      <Filter>core\Level1</Filter>
    </ClInclude>
    <ClInclude Include="..\core\Level1\Spore.h">
      <Filter>core\Level1</Filter>
    </ClInclude>
    <ClInclude Include="..\core\Level1\WarpPin.h">
      <Filter>core\Level1</Filter>
    </ClInclude>
    <ClInclude Include="..\core\Level2\Maze.h">
      <Filter>core\Level2</Filter>
    </ClInclude>
    <ClInclude Include="..\core\Level1\Level1.h">
      <Filter>core\Level1</Filter>
    </ClInclude>
    <ClInclude Include="..\core\Level0\Level0.h">
      <Filter>core\Level0</Filter>
    </ClInclude>
    <ClInclude Include="..\core\Level2\ConsoleColor.h">
      <Filter>core\Level2</Filter>
    </ClInclude>
    <ClInclude Include="..\core\Level1\DefaultNest.h">
      <Filter>core\Level1</Filter>
    </ClInclude>
  </ItemGroup>
  <ItemGroup>
    <Text Include="..\core\Level2\maze_cmd.txt">
      <Filter>core\Level2</Filter>
    </Text>
  </ItemGroup>
</Project>